
Microsoft Visual Studio Solution File, Format Version 12.00
# Visual Studio Version 17
VisualStudioVersion = 17.13.35931.197 d17.13
MinimumVisualStudioVersion = 10.0.40219.1
Project("{FAE04EC0-301F-11D3-BF4B-00C04F79EFBC}") = "OrderApi.Domain", "OrderApi.Domain\OrderApi.Domain.csproj", "{6586D34A-9559-4423-8858-B4981BDE06EC}"
EndProject
Project("{FAE04EC0-301F-11D3-BF4B-00C04F79EFBC}") = "OrderApi.Application", "OrderApi.Application\OrderApi.Application.csproj", "{058F1261-203C-4439-8FA7-5A92E159305B}"
EndProject
Project("{FAE04EC0-301F-11D3-BF4B-00C04F79EFBC}") = "OrderApi.Infrastructure", "OrderApi.Infrastructure\OrderApi.Infrastructure.csproj", "{F327E7ED-955D-4E24-B9CD-EB54D042A904}"
EndProject
Project("{FAE04EC0-301F-11D3-BF4B-00C04F79EFBC}") = "OrderApi.Presentation", "OrderApi.Presentation\OrderApi.Presentation.csproj", "{6778868F-BF8F-4D2B-AAE8-3628068C9E30}"
EndProject
Project("{FAE04EC0-301F-11D3-BF4B-00C04F79EFBC}") = "eCommerceSharedLibrary", "..\eCommerceSharedLibrary\eCommerceSharedLibrary.csproj", "{74AD7CF4-922D-6A52-70A1-F1F4D765CB12}"
EndProject
Global
	GlobalSection(SolutionConfigurationPlatforms) = preSolution
		Debug|Any CPU = Debug|Any CPU
		Release|Any CPU = Release|Any CPU
	EndGlobalSection
	GlobalSection(ProjectConfigurationPlatforms) = postSolution
		{6586D34A-9559-4423-8858-B4981BDE06EC}.Debug|Any CPU.ActiveCfg = Debug|Any CPU
		{6586D34A-9559-4423-8858-B4981BDE06EC}.Debug|Any CPU.Build.0 = Debug|Any CPU
		{6586D34A-9559-4423-8858-B4981BDE06EC}.Release|Any CPU.ActiveCfg = Release|Any CPU
		{6586D34A-9559-4423-8858-B4981BDE06EC}.Release|Any CPU.Build.0 = Release|Any CPU
		{058F1261-203C-4439-8FA7-5A92E159305B}.Debug|Any CPU.ActiveCfg = Debug|Any CPU
		{058F1261-203C-4439-8FA7-5A92E159305B}.Debug|Any CPU.Build.0 = Debug|Any CPU
		{058F1261-203C-4439-8FA7-5A92E159305B}.Release|Any CPU.ActiveCfg = Release|Any CPU
		{058F1261-203C-4439-8FA7-5A92E159305B}.Release|Any CPU.Build.0 = Release|Any CPU
		{F327E7ED-955D-4E24-B9CD-EB54D042A904}.Debug|Any CPU.ActiveCfg = Debug|Any CPU
		{F327E7ED-955D-4E24-B9CD-EB54D042A904}.Debug|Any CPU.Build.0 = Debug|Any CPU
		{F327E7ED-955D-4E24-B9CD-EB54D042A904}.Release|Any CPU.ActiveCfg = Release|Any CPU
		{F327E7ED-955D-4E24-B9CD-EB54D042A904}.Release|Any CPU.Build.0 = Release|Any CPU
		{6778868F-BF8F-4D2B-AAE8-3628068C9E30}.Debug|Any CPU.ActiveCfg = Debug|Any CPU
		{6778868F-BF8F-4D2B-AAE8-3628068C9E30}.Debug|Any CPU.Build.0 = Debug|Any CPU
		{6778868F-BF8F-4D2B-AAE8-3628068C9E30}.Release|Any CPU.ActiveCfg = Release|Any CPU
		{6778868F-BF8F-4D2B-AAE8-3628068C9E30}.Release|Any CPU.Build.0 = Release|Any CPU
		{74AD7CF4-922D-6A52-70A1-F1F4D765CB12}.Debug|Any CPU.ActiveCfg = Debug|Any CPU
		{74AD7CF4-922D-6A52-70A1-F1F4D765CB12}.Debug|Any CPU.Build.0 = Debug|Any CPU
		{74AD7CF4-922D-6A52-70A1-F1F4D765CB12}.Release|Any CPU.ActiveCfg = Release|Any CPU
		{74AD7CF4-922D-6A52-70A1-F1F4D765CB12}.Release|Any CPU.Build.0 = Release|Any CPU
	EndGlobalSection
	GlobalSection(SolutionProperties) = preSolution
		HideSolutionNode = FALSE
	EndGlobalSection
	GlobalSection(ExtensibilityGlobals) = postSolution
		SolutionGuid = {136273CD-E108-46B7-8612-E7199C2ACC00}
	EndGlobalSection
EndGlobal
